// !$*UTF8*$!
{
	archiveVersion = 1;
	classes = {
	};
	objectVersion = 48;
	objects = {

/* Begin PBXBuildFile section */
		7F0D27AE1FEA176D001A54B4 /* WCImagePicker.framework in Frameworks */ = {isa = PBXBuildFile; fileRef = 7F7B9DE21FE11398004AC945 /* WCImagePicker.framework */; };
		7F0D27AF1FEA176D001A54B4 /* WCImagePicker.framework in Embed Frameworks */ = {isa = PBXBuildFile; fileRef = 7F7B9DE21FE11398004AC945 /* WCImagePicker.framework */; settings = {ATTRIBUTES = (CodeSignOnCopy, RemoveHeadersOnCopy, ); }; };
		7F499D081FF24FF20029126D /* WCPlayVideoViewController.m in Sources */ = {isa = PBXBuildFile; fileRef = 7F499D071FF24FF20029126D /* WCPlayVideoViewController.m */; };
		7F499D0D1FF33B370029126D /* imagepicker_selection.PNG in Resources */ = {isa = PBXBuildFile; fileRef = 7F499D0B1FF33B370029126D /* imagepicker_selection.PNG */; };
		7F499D0E1FF33B370029126D /* imagepicker_fullfill.PNG in Resources */ = {isa = PBXBuildFile; fileRef = 7F499D0C1FF33B370029126D /* imagepicker_fullfill.PNG */; };
		7F71AD141FF0EB520063AD43 /* WCPhotoView.xib in Resources */ = {isa = PBXBuildFile; fileRef = 7F71ACFA1FF0EB520063AD43 /* WCPhotoView.xib */; };
		7F71AD151FF0EB520063AD43 /* UIImage+Bundle.m in Sources */ = {isa = PBXBuildFile; fileRef = 7F71ACFC1FF0EB520063AD43 /* UIImage+Bundle.m */; };
		7F71AD161FF0EB520063AD43 /* UIViewController+TopViewController.m in Sources */ = {isa = PBXBuildFile; fileRef = 7F71ACFE1FF0EB520063AD43 /* UIViewController+TopViewController.m */; };
		7F71AD171FF0EB520063AD43 /* WCPhotoBrowserAnimator.m in Sources */ = {isa = PBXBuildFile; fileRef = 7F71AD021FF0EB520063AD43 /* WCPhotoBrowserAnimator.m */; };
		7F71AD181FF0EB520063AD43 /* WCMaskAnimatedTransition.m in Sources */ = {isa = PBXBuildFile; fileRef = 7F71AD031FF0EB520063AD43 /* WCMaskAnimatedTransition.m */; };
		7F71AD191FF0EB520063AD43 /* WCPhotoBrowserViewController.m in Sources */ = {isa = PBXBuildFile; fileRef = 7F71AD071FF0EB520063AD43 /* WCPhotoBrowserViewController.m */; };
		7F71AD1A1FF0EB520063AD43 /* WCPhotoBrowserViewController.xib in Resources */ = {isa = PBXBuildFile; fileRef = 7F71AD081FF0EB520063AD43 /* WCPhotoBrowserViewController.xib */; };
		7F71AD1B1FF0EB520063AD43 /* WCPhotoView.m in Sources */ = {isa = PBXBuildFile; fileRef = 7F71AD091FF0EB520063AD43 /* WCPhotoView.m */; };
		7F71AD1C1FF0EB520063AD43 /* WCPhotoBrowser.bundle in Resources */ = {isa = PBXBuildFile; fileRef = 7F71AD0A1FF0EB520063AD43 /* WCPhotoBrowser.bundle */; };
		7F71AD1D1FF0EB520063AD43 /* WCPhotoModel.m in Sources */ = {isa = PBXBuildFile; fileRef = 7F71AD0B1FF0EB520063AD43 /* WCPhotoModel.m */; };
		7F71AD1E1FF0EB520063AD43 /* WCPhotoBrowserView.m in Sources */ = {isa = PBXBuildFile; fileRef = 7F71AD0E1FF0EB520063AD43 /* WCPhotoBrowserView.m */; };
		7F71AD1F1FF0EB520063AD43 /* WCTextView.m in Sources */ = {isa = PBXBuildFile; fileRef = 7F71AD101FF0EB520063AD43 /* WCTextView.m */; };
		7F71AD231FF0EB5C0063AD43 /* WCDisplayImageViewController.m in Sources */ = {isa = PBXBuildFile; fileRef = 7F71AD201FF0EB5C0063AD43 /* WCDisplayImageViewController.m */; };
		7F71AD241FF0EB5C0063AD43 /* WCDisplayImageViewController.xib in Resources */ = {isa = PBXBuildFile; fileRef = 7F71AD221FF0EB5C0063AD43 /* WCDisplayImageViewController.xib */; };
		7F7B9DC31FE112F1004AC945 /* AppDelegate.m in Sources */ = {isa = PBXBuildFile; fileRef = 7F7B9DC21FE112F1004AC945 /* AppDelegate.m */; };
		7F7B9DC61FE112F1004AC945 /* ViewController.m in Sources */ = {isa = PBXBuildFile; fileRef = 7F7B9DC51FE112F1004AC945 /* ViewController.m */; };
		7F7B9DC91FE112F1004AC945 /* Main.storyboard in Resources */ = {isa = PBXBuildFile; fileRef = 7F7B9DC71FE112F1004AC945 /* Main.storyboard */; };
		7F7B9DCB1FE112F1004AC945 /* Assets.xcassets in Resources */ = {isa = PBXBuildFile; fileRef = 7F7B9DCA1FE112F1004AC945 /* Assets.xcassets */; };
		7F7B9DCE1FE112F1004AC945 /* LaunchScreen.storyboard in Resources */ = {isa = PBXBuildFile; fileRef = 7F7B9DCC1FE112F1004AC945 /* LaunchScreen.storyboard */; };
		7F7B9DD11FE112F2004AC945 /* main.m in Sources */ = {isa = PBXBuildFile; fileRef = 7F7B9DD01FE112F2004AC945 /* main.m */; };
/* End PBXBuildFile section */

/* Begin PBXContainerItemProxy section */
		7F0D27B01FEA176D001A54B4 /* PBXContainerItemProxy */ = {
			isa = PBXContainerItemProxy;
			containerPortal = 7F7B9DDD1FE11397004AC945 /* WCImagePicker.xcodeproj */;
			proxyType = 1;
			remoteGlobalIDString = 7F7B9DA91FE112A8004AC945;
			remoteInfo = WCImagePicker;
		};
		7F7B9DE11FE11398004AC945 /* PBXContainerItemProxy */ = {
			isa = PBXContainerItemProxy;
			containerPortal = 7F7B9DDD1FE11397004AC945 /* WCImagePicker.xcodeproj */;
			proxyType = 2;
			remoteGlobalIDString = 7F7B9DAA1FE112A8004AC945;
			remoteInfo = WCImagePicker;
		};
/* End PBXContainerItemProxy section */

/* Begin PBXCopyFilesBuildPhase section */
		7F0D27B21FEA176D001A54B4 /* Embed Frameworks */ = {
			isa = PBXCopyFilesBuildPhase;
			buildActionMask = 2147483647;
			dstPath = "";
			dstSubfolderSpec = 10;
			files = (
				7F0D27AF1FEA176D001A54B4 /* WCImagePicker.framework in Embed Frameworks */,
			);
			name = "Embed Frameworks";
			runOnlyForDeploymentPostprocessing = 0;
		};
/* End PBXCopyFilesBuildPhase section */

/* Begin PBXFileReference section */
		7F499D061FF24FF20029126D /* WCPlayVideoViewController.h */ = {isa = PBXFileReference; lastKnownFileType = sourcecode.c.h; path = WCPlayVideoViewController.h; sourceTree = "<group>"; };
		7F499D071FF24FF20029126D /* WCPlayVideoViewController.m */ = {isa = PBXFileReference; lastKnownFileType = sourcecode.c.objc; path = WCPlayVideoViewController.m; sourceTree = "<group>"; };
		7F499D0B1FF33B370029126D /* imagepicker_selection.PNG */ = {isa = PBXFileReference; lastKnownFileType = image.png; path = imagepicker_selection.PNG; sourceTree = "<group>"; };
		7F499D0C1FF33B370029126D /* imagepicker_fullfill.PNG */ = {isa = PBXFileReference; lastKnownFileType = image.png; path = imagepicker_fullfill.PNG; sourceTree = "<group>"; };
		7F71ACF91FF0EB520063AD43 /* WCPhotoView.h */ = {isa = PBXFileReference; fileEncoding = 4; lastKnownFileType = sourcecode.c.h; path = WCPhotoView.h; sourceTree = "<group>"; };
		7F71ACFA1FF0EB520063AD43 /* WCPhotoView.xib */ = {isa = PBXFileReference; fileEncoding = 4; lastKnownFileType = file.xib; path = WCPhotoView.xib; sourceTree = "<group>"; };
		7F71ACFC1FF0EB520063AD43 /* UIImage+Bundle.m */ = {isa = PBXFileReference; fileEncoding = 4; lastKnownFileType = sourcecode.c.objc; path = "UIImage+Bundle.m"; sourceTree = "<group>"; };
		7F71ACFD1FF0EB520063AD43 /* UIViewController+TopViewController.h */ = {isa = PBXFileReference; fileEncoding = 4; lastKnownFileType = sourcecode.c.h; path = "UIViewController+TopViewController.h"; sourceTree = "<group>"; };
		7F71ACFE1FF0EB520063AD43 /* UIViewController+TopViewController.m */ = {isa = PBXFileReference; fileEncoding = 4; lastKnownFileType = sourcecode.c.objc; path = "UIViewController+TopViewController.m"; sourceTree = "<group>"; };
		7F71ACFF1FF0EB520063AD43 /* UIImage+Bundle.h */ = {isa = PBXFileReference; fileEncoding = 4; lastKnownFileType = sourcecode.c.h; path = "UIImage+Bundle.h"; sourceTree = "<group>"; };
		7F71AD011FF0EB520063AD43 /* WCMaskAnimatedTransition.h */ = {isa = PBXFileReference; fileEncoding = 4; lastKnownFileType = sourcecode.c.h; path = WCMaskAnimatedTransition.h; sourceTree = "<group>"; };
		7F71AD021FF0EB520063AD43 /* WCPhotoBrowserAnimator.m */ = {isa = PBXFileReference; fileEncoding = 4; lastKnownFileType = sourcecode.c.objc; path = WCPhotoBrowserAnimator.m; sourceTree = "<group>"; };
		7F71AD031FF0EB520063AD43 /* WCMaskAnimatedTransition.m */ = {isa = PBXFileReference; fileEncoding = 4; lastKnownFileType = sourcecode.c.objc; path = WCMaskAnimatedTransition.m; sourceTree = "<group>"; };
		7F71AD041FF0EB520063AD43 /* WCPhotoBrowserAnimator.h */ = {isa = PBXFileReference; fileEncoding = 4; lastKnownFileType = sourcecode.c.h; path = WCPhotoBrowserAnimator.h; sourceTree = "<group>"; };
		7F71AD051FF0EB520063AD43 /* WCPhotoModel.h */ = {isa = PBXFileReference; fileEncoding = 4; lastKnownFileType = sourcecode.c.h; path = WCPhotoModel.h; sourceTree = "<group>"; };
		7F71AD061FF0EB520063AD43 /* WCPhotoBrowserView.h */ = {isa = PBXFileReference; fileEncoding = 4; lastKnownFileType = sourcecode.c.h; path = WCPhotoBrowserView.h; sourceTree = "<group>"; };
		7F71AD071FF0EB520063AD43 /* WCPhotoBrowserViewController.m */ = {isa = PBXFileReference; fileEncoding = 4; lastKnownFileType = sourcecode.c.objc; path = WCPhotoBrowserViewController.m; sourceTree = "<group>"; };
		7F71AD081FF0EB520063AD43 /* WCPhotoBrowserViewController.xib */ = {isa = PBXFileReference; fileEncoding = 4; lastKnownFileType = file.xib; path = WCPhotoBrowserViewController.xib; sourceTree = "<group>"; };
		7F71AD091FF0EB520063AD43 /* WCPhotoView.m */ = {isa = PBXFileReference; fileEncoding = 4; lastKnownFileType = sourcecode.c.objc; path = WCPhotoView.m; sourceTree = "<group>"; };
		7F71AD0A1FF0EB520063AD43 /* WCPhotoBrowser.bundle */ = {isa = PBXFileReference; lastKnownFileType = "wrapper.plug-in"; path = WCPhotoBrowser.bundle; sourceTree = "<group>"; };
		7F71AD0B1FF0EB520063AD43 /* WCPhotoModel.m */ = {isa = PBXFileReference; fileEncoding = 4; lastKnownFileType = sourcecode.c.objc; path = WCPhotoModel.m; sourceTree = "<group>"; };
		7F71AD0C1FF0EB520063AD43 /* WCPhotoBrowser.h */ = {isa = PBXFileReference; fileEncoding = 4; lastKnownFileType = sourcecode.c.h; path = WCPhotoBrowser.h; sourceTree = "<group>"; };
		7F71AD0D1FF0EB520063AD43 /* WCPhotoBrowserViewController.h */ = {isa = PBXFileReference; fileEncoding = 4; lastKnownFileType = sourcecode.c.h; path = WCPhotoBrowserViewController.h; sourceTree = "<group>"; };
		7F71AD0E1FF0EB520063AD43 /* WCPhotoBrowserView.m */ = {isa = PBXFileReference; fileEncoding = 4; lastKnownFileType = sourcecode.c.objc; path = WCPhotoBrowserView.m; sourceTree = "<group>"; };
		7F71AD101FF0EB520063AD43 /* WCTextView.m */ = {isa = PBXFileReference; fileEncoding = 4; lastKnownFileType = sourcecode.c.objc; path = WCTextView.m; sourceTree = "<group>"; };
		7F71AD111FF0EB520063AD43 /* WCTextView.h */ = {isa = PBXFileReference; fileEncoding = 4; lastKnownFileType = sourcecode.c.h; path = WCTextView.h; sourceTree = "<group>"; };
		7F71AD201FF0EB5C0063AD43 /* WCDisplayImageViewController.m */ = {isa = PBXFileReference; fileEncoding = 4; lastKnownFileType = sourcecode.c.objc; path = WCDisplayImageViewController.m; sourceTree = "<group>"; };
		7F71AD211FF0EB5C0063AD43 /* WCDisplayImageViewController.h */ = {isa = PBXFileReference; fileEncoding = 4; lastKnownFileType = sourcecode.c.h; path = WCDisplayImageViewController.h; sourceTree = "<group>"; };
		7F71AD221FF0EB5C0063AD43 /* WCDisplayImageViewController.xib */ = {isa = PBXFileReference; fileEncoding = 4; lastKnownFileType = file.xib; path = WCDisplayImageViewController.xib; sourceTree = "<group>"; };
		7F7B9DBE1FE112F1004AC945 /* WCImagePickerDemo.app */ = {isa = PBXFileReference; explicitFileType = wrapper.application; includeInIndex = 0; path = WCImagePickerDemo.app; sourceTree = BUILT_PRODUCTS_DIR; };
		7F7B9DC11FE112F1004AC945 /* AppDelegate.h */ = {isa = PBXFileReference; lastKnownFileType = sourcecode.c.h; path = AppDelegate.h; sourceTree = "<group>"; };
		7F7B9DC21FE112F1004AC945 /* AppDelegate.m */ = {isa = PBXFileReference; lastKnownFileType = sourcecode.c.objc; path = AppDelegate.m; sourceTree = "<group>"; };
		7F7B9DC41FE112F1004AC945 /* ViewController.h */ = {isa = PBXFileReference; lastKnownFileType = sourcecode.c.h; path = ViewController.h; sourceTree = "<group>"; };
		7F7B9DC51FE112F1004AC945 /* ViewController.m */ = {isa = PBXFileReference; lastKnownFileType = sourcecode.c.objc; path = ViewController.m; sourceTree = "<group>"; };
		7F7B9DC81FE112F1004AC945 /* Base */ = {isa = PBXFileReference; lastKnownFileType = file.storyboard; name = Base; path = Base.lproj/Main.storyboard; sourceTree = "<group>"; };
		7F7B9DCA1FE112F1004AC945 /* Assets.xcassets */ = {isa = PBXFileReference; lastKnownFileType = folder.assetcatalog; path = Assets.xcassets; sourceTree = "<group>"; };
		7F7B9DCD1FE112F1004AC945 /* Base */ = {isa = PBXFileReference; lastKnownFileType = file.storyboard; name = Base; path = Base.lproj/LaunchScreen.storyboard; sourceTree = "<group>"; };
		7F7B9DCF1FE112F2004AC945 /* Info.plist */ = {isa = PBXFileReference; lastKnownFileType = text.plist.xml; path = Info.plist; sourceTree = "<group>"; };
		7F7B9DD01FE112F2004AC945 /* main.m */ = {isa = PBXFileReference; lastKnownFileType = sourcecode.c.objc; path = main.m; sourceTree = "<group>"; };
		7F7B9DDD1FE11397004AC945 /* WCImagePicker.xcodeproj */ = {isa = PBXFileReference; lastKnownFileType = "wrapper.pb-project"; name = WCImagePicker.xcodeproj; path = ../WCImagePicker.xcodeproj; sourceTree = "<group>"; };
/* End PBXFileReference section */

/* Begin PBXFrameworksBuildPhase section */
		7F7B9DBB1FE112F1004AC945 /* Frameworks */ = {
			isa = PBXFrameworksBuildPhase;
			buildActionMask = 2147483647;
			files = (
				7F0D27AE1FEA176D001A54B4 /* WCImagePicker.framework in Frameworks */,
			);
			runOnlyForDeploymentPostprocessing = 0;
		};
/* End PBXFrameworksBuildPhase section */

/* Begin PBXGroup section */
		7F0D27691FEA10DE001A54B4 /* Frameworks */ = {
			isa = PBXGroup;
			children = (
			);
			name = Frameworks;
			sourceTree = "<group>";
		};
		7F499D0A1FF33AB30029126D /* Assets */ = {
			isa = PBXGroup;
			children = (
				7F499D0C1FF33B370029126D /* imagepicker_fullfill.PNG */,
				7F499D0B1FF33B370029126D /* imagepicker_selection.PNG */,
			);
			path = Assets;
			sourceTree = "<group>";
		};
		7F71ACF71FF0EB520063AD43 /* Vendor */ = {
			isa = PBXGroup;
			children = (
				7F71ACF81FF0EB520063AD43 /* WCPhotoBrowser */,
				7F71AD0F1FF0EB520063AD43 /* WCTextView */,
			);
			path = Vendor;
			sourceTree = "<group>";
		};
		7F71ACF81FF0EB520063AD43 /* WCPhotoBrowser */ = {
			isa = PBXGroup;
			children = (
				7F71ACF91FF0EB520063AD43 /* WCPhotoView.h */,
				7F71ACFA1FF0EB520063AD43 /* WCPhotoView.xib */,
				7F71ACFB1FF0EB520063AD43 /* Category */,
				7F71AD001FF0EB520063AD43 /* WCTransition */,
				7F71AD051FF0EB520063AD43 /* WCPhotoModel.h */,
				7F71AD0B1FF0EB520063AD43 /* WCPhotoModel.m */,
				7F71AD061FF0EB520063AD43 /* WCPhotoBrowserView.h */,
				7F71AD0E1FF0EB520063AD43 /* WCPhotoBrowserView.m */,
				7F71AD0D1FF0EB520063AD43 /* WCPhotoBrowserViewController.h */,
				7F71AD071FF0EB520063AD43 /* WCPhotoBrowserViewController.m */,
				7F71AD081FF0EB520063AD43 /* WCPhotoBrowserViewController.xib */,
				7F71AD0A1FF0EB520063AD43 /* WCPhotoBrowser.bundle */,
				7F71AD0C1FF0EB520063AD43 /* WCPhotoBrowser.h */,
				7F71AD091FF0EB520063AD43 /* WCPhotoView.m */,
			);
			path = WCPhotoBrowser;
			sourceTree = "<group>";
		};
		7F71ACFB1FF0EB520063AD43 /* Category */ = {
			isa = PBXGroup;
			children = (
				7F71ACFF1FF0EB520063AD43 /* UIImage+Bundle.h */,
				7F71ACFC1FF0EB520063AD43 /* UIImage+Bundle.m */,
				7F71ACFD1FF0EB520063AD43 /* UIViewController+TopViewController.h */,
				7F71ACFE1FF0EB520063AD43 /* UIViewController+TopViewController.m */,
			);
			path = Category;
			sourceTree = "<group>";
		};
		7F71AD001FF0EB520063AD43 /* WCTransition */ = {
			isa = PBXGroup;
			children = (
				7F71AD011FF0EB520063AD43 /* WCMaskAnimatedTransition.h */,
				7F71AD021FF0EB520063AD43 /* WCPhotoBrowserAnimator.m */,
				7F71AD031FF0EB520063AD43 /* WCMaskAnimatedTransition.m */,
				7F71AD041FF0EB520063AD43 /* WCPhotoBrowserAnimator.h */,
			);
			path = WCTransition;
			sourceTree = "<group>";
		};
		7F71AD0F1FF0EB520063AD43 /* WCTextView */ = {
			isa = PBXGroup;
			children = (
				7F71AD101FF0EB520063AD43 /* WCTextView.m */,
				7F71AD111FF0EB520063AD43 /* WCTextView.h */,
			);
			path = WCTextView;
			sourceTree = "<group>";
		};
		7F7B9DB51FE112F1004AC945 = {
			isa = PBXGroup;
			children = (
				7F7B9DDD1FE11397004AC945 /* WCImagePicker.xcodeproj */,
				7F7B9DC01FE112F1004AC945 /* WCImagePickerDemo */,
				7F7B9DBF1FE112F1004AC945 /* Products */,
				7F0D27691FEA10DE001A54B4 /* Frameworks */,
			);
			sourceTree = "<group>";
		};
		7F7B9DBF1FE112F1004AC945 /* Products */ = {
			isa = PBXGroup;
			children = (
				7F7B9DBE1FE112F1004AC945 /* WCImagePickerDemo.app */,
			);
			name = Products;
			sourceTree = "<group>";
		};
		7F7B9DC01FE112F1004AC945 /* WCImagePickerDemo */ = {
			isa = PBXGroup;
			children = (
				7F499D0A1FF33AB30029126D /* Assets */,
				7F71ACF71FF0EB520063AD43 /* Vendor */,
				7F7B9DC11FE112F1004AC945 /* AppDelegate.h */,
				7F7B9DC21FE112F1004AC945 /* AppDelegate.m */,
				7F7B9DC41FE112F1004AC945 /* ViewController.h */,
				7F7B9DC51FE112F1004AC945 /* ViewController.m */,
				7F71AD211FF0EB5C0063AD43 /* WCDisplayImageViewController.h */,
				7F71AD201FF0EB5C0063AD43 /* WCDisplayImageViewController.m */,
				7F71AD221FF0EB5C0063AD43 /* WCDisplayImageViewController.xib */,
				7F499D061FF24FF20029126D /* WCPlayVideoViewController.h */,
				7F499D071FF24FF20029126D /* WCPlayVideoViewController.m */,
				7F7B9DC71FE112F1004AC945 /* Main.storyboard */,
				7F7B9DCA1FE112F1004AC945 /* Assets.xcassets */,
				7F7B9DCC1FE112F1004AC945 /* LaunchScreen.storyboard */,
				7F7B9DCF1FE112F2004AC945 /* Info.plist */,
				7F7B9DD01FE112F2004AC945 /* main.m */,
			);
			path = WCImagePickerDemo;
			sourceTree = "<group>";
		};
		7F7B9DDE1FE11397004AC945 /* Products */ = {
			isa = PBXGroup;
			children = (
				7F7B9DE21FE11398004AC945 /* WCImagePicker.framework */,
			);
			name = Products;
			sourceTree = "<group>";
		};
/* End PBXGroup section */

/* Begin PBXNativeTarget section */
		7F7B9DBD1FE112F1004AC945 /* WCImagePickerDemo */ = {
			isa = PBXNativeTarget;
			buildConfigurationList = 7F7B9DD41FE112F2004AC945 /* Build configuration list for PBXNativeTarget "WCImagePickerDemo" */;
			buildPhases = (
				7F7B9DBA1FE112F1004AC945 /* Sources */,
				7F7B9DBB1FE112F1004AC945 /* Frameworks */,
				7F7B9DBC1FE112F1004AC945 /* Resources */,
				7F0D27B21FEA176D001A54B4 /* Embed Frameworks */,
			);
			buildRules = (
			);
			dependencies = (
				7F0D27B11FEA176D001A54B4 /* PBXTargetDependency */,
			);
			name = WCImagePickerDemo;
			productName = WCImagePickerDemo;
			productReference = 7F7B9DBE1FE112F1004AC945 /* WCImagePickerDemo.app */;
			productType = "com.apple.product-type.application";
		};
/* End PBXNativeTarget section */

/* Begin PBXProject section */
		7F7B9DB61FE112F1004AC945 /* Project object */ = {
			isa = PBXProject;
			attributes = {
				LastUpgradeCheck = 0920;
				ORGANIZATIONNAME = "王超";
				TargetAttributes = {
					7F7B9DBD1FE112F1004AC945 = {
						CreatedOnToolsVersion = 9.2;
						ProvisioningStyle = Automatic;
					};
				};
			};
			buildConfigurationList = 7F7B9DB91FE112F1004AC945 /* Build configuration list for PBXProject "WCImagePickerDemo" */;
			compatibilityVersion = "Xcode 8.0";
			developmentRegion = en;
			hasScannedForEncodings = 0;
			knownRegions = (
				en,
				Base,
				"zh-Hans",
			);
			mainGroup = 7F7B9DB51FE112F1004AC945;
			productRefGroup = 7F7B9DBF1FE112F1004AC945 /* Products */;
			projectDirPath = "";
			projectReferences = (
				{
					ProductGroup = 7F7B9DDE1FE11397004AC945 /* Products */;
					ProjectRef = 7F7B9DDD1FE11397004AC945 /* WCImagePicker.xcodeproj */;
				},
			);
			projectRoot = "";
			targets = (
				7F7B9DBD1FE112F1004AC945 /* WCImagePickerDemo */,
			);
		};
/* End PBXProject section */

/* Begin PBXReferenceProxy section */
		7F7B9DE21FE11398004AC945 /* WCImagePicker.framework */ = {
			isa = PBXReferenceProxy;
			fileType = wrapper.framework;
			path = WCImagePicker.framework;
			remoteRef = 7F7B9DE11FE11398004AC945 /* PBXContainerItemProxy */;
			sourceTree = BUILT_PRODUCTS_DIR;
		};
/* End PBXReferenceProxy section */

/* Begin PBXResourcesBuildPhase section */
		7F7B9DBC1FE112F1004AC945 /* Resources */ = {
			isa = PBXResourcesBuildPhase;
			buildActionMask = 2147483647;
			files = (
				7F7B9DCE1FE112F1004AC945 /* LaunchScreen.storyboard in Resources */,
				7F71AD1A1FF0EB520063AD43 /* WCPhotoBrowserViewController.xib in Resources */,
				7F499D0D1FF33B370029126D /* imagepicker_selection.PNG in Resources */,
				7F499D0E1FF33B370029126D /* imagepicker_fullfill.PNG in Resources */,
				7F7B9DCB1FE112F1004AC945 /* Assets.xcassets in Resources */,
				7F7B9DC91FE112F1004AC945 /* Main.storyboard in Resources */,
				7F71AD141FF0EB520063AD43 /* WCPhotoView.xib in Resources */,
				7F71AD1C1FF0EB520063AD43 /* WCPhotoBrowser.bundle in Resources */,
				7F71AD241FF0EB5C0063AD43 /* WCDisplayImageViewController.xib in Resources */,
			);
			runOnlyForDeploymentPostprocessing = 0;
		};
/* End PBXResourcesBuildPhase section */

/* Begin PBXSourcesBuildPhase section */
		7F7B9DBA1FE112F1004AC945 /* Sources */ = {
			isa = PBXSourcesBuildPhase;
			buildActionMask = 2147483647;
			files = (
				7F71AD191FF0EB520063AD43 /* WCPhotoBrowserViewController.m in Sources */,
				7F71AD181FF0EB520063AD43 /* WCMaskAnimatedTransition.m in Sources */,
				7F71AD1D1FF0EB520063AD43 /* WCPhotoModel.m in Sources */,
				7F71AD171FF0EB520063AD43 /* WCPhotoBrowserAnimator.m in Sources */,
				7F71AD1E1FF0EB520063AD43 /* WCPhotoBrowserView.m in Sources */,
				7F71AD1F1FF0EB520063AD43 /* WCTextView.m in Sources */,
				7F499D081FF24FF20029126D /* WCPlayVideoViewController.m in Sources */,
				7F71AD231FF0EB5C0063AD43 /* WCDisplayImageViewController.m in Sources */,
				7F71AD1B1FF0EB520063AD43 /* WCPhotoView.m in Sources */,
				7F7B9DC61FE112F1004AC945 /* ViewController.m in Sources */,
				7F71AD151FF0EB520063AD43 /* UIImage+Bundle.m in Sources */,
				7F71AD161FF0EB520063AD43 /* UIViewController+TopViewController.m in Sources */,
				7F7B9DD11FE112F2004AC945 /* main.m in Sources */,
				7F7B9DC31FE112F1004AC945 /* AppDelegate.m in Sources */,
			);
			runOnlyForDeploymentPostprocessing = 0;
		};
/* End PBXSourcesBuildPhase section */

/* Begin PBXTargetDependency section */
		7F0D27B11FEA176D001A54B4 /* PBXTargetDependency */ = {
			isa = PBXTargetDependency;
			name = WCImagePicker;
			targetProxy = 7F0D27B01FEA176D001A54B4 /* PBXContainerItemProxy */;
		};
/* End PBXTargetDependency section */

/* Begin PBXVariantGroup section */
		7F7B9DC71FE112F1004AC945 /* Main.storyboard */ = {
			isa = PBXVariantGroup;
			children = (
				7F7B9DC81FE112F1004AC945 /* Base */,
			);
			name = Main.storyboard;
			sourceTree = "<group>";
		};
		7F7B9DCC1FE112F1004AC945 /* LaunchScreen.storyboard */ = {
			isa = PBXVariantGroup;
			children = (
				7F7B9DCD1FE112F1004AC945 /* Base */,
			);
			name = LaunchScreen.storyboard;
			sourceTree = "<group>";
		};
/* End PBXVariantGroup section */

/* Begin XCBuildConfiguration section */
		7F7B9DD21FE112F2004AC945 /* Debug */ = {
			isa = XCBuildConfiguration;
			buildSettings = {
				ALWAYS_SEARCH_USER_PATHS = NO;
				CLANG_ANALYZER_NONNULL = YES;
				CLANG_ANALYZER_NUMBER_OBJECT_CONVERSION = YES_AGGRESSIVE;
				CLANG_CXX_LANGUAGE_STANDARD = "gnu++14";
				CLANG_CXX_LIBRARY = "libc++";
				CLANG_ENABLE_MODULES = YES;
				CLANG_ENABLE_OBJC_ARC = YES;
				CLANG_WARN_BLOCK_CAPTURE_AUTORELEASING = YES;
				CLANG_WARN_BOOL_CONVERSION = YES;
				CLANG_WARN_COMMA = YES;
				CLANG_WARN_CONSTANT_CONVERSION = YES;
				CLANG_WARN_DIRECT_OBJC_ISA_USAGE = YES_ERROR;
				CLANG_WARN_DOCUMENTATION_COMMENTS = YES;
				CLANG_WARN_EMPTY_BODY = YES;
				CLANG_WARN_ENUM_CONVERSION = YES;
				CLANG_WARN_INFINITE_RECURSION = YES;
				CLANG_WARN_INT_CONVERSION = YES;
				CLANG_WARN_NON_LITERAL_NULL_CONVERSION = YES;
				CLANG_WARN_OBJC_LITERAL_CONVERSION = YES;
				CLANG_WARN_OBJC_ROOT_CLASS = YES_ERROR;
				CLANG_WARN_RANGE_LOOP_ANALYSIS = YES;
				CLANG_WARN_STRICT_PROTOTYPES = YES;
				CLANG_WARN_SUSPICIOUS_MOVE = YES;
				CLANG_WARN_UNGUARDED_AVAILABILITY = YES_AGGRESSIVE;
				CLANG_WARN_UNREACHABLE_CODE = YES;
				CLANG_WARN__DUPLICATE_METHOD_MATCH = YES;
				CODE_SIGN_IDENTITY = "iPhone Developer";
				COPY_PHASE_STRIP = NO;
				DEBUG_INFORMATION_FORMAT = dwarf;
				ENABLE_STRICT_OBJC_MSGSEND = YES;
				ENABLE_TESTABILITY = YES;
				GCC_C_LANGUAGE_STANDARD = gnu11;
				GCC_DYNAMIC_NO_PIC = NO;
				GCC_NO_COMMON_BLOCKS = YES;
				GCC_OPTIMIZATION_LEVEL = 0;
				GCC_PREPROCESSOR_DEFINITIONS = (
					"DEBUG=1",
					"$(inherited)",
				);
				GCC_WARN_64_TO_32_BIT_CONVERSION = YES;
				GCC_WARN_ABOUT_RETURN_TYPE = YES_ERROR;
				GCC_WARN_UNDECLARED_SELECTOR = YES;
				GCC_WARN_UNINITIALIZED_AUTOS = YES_AGGRESSIVE;
				GCC_WARN_UNUSED_FUNCTION = YES;
				GCC_WARN_UNUSED_VARIABLE = YES;
				IPHONEOS_DEPLOYMENT_TARGET = 11.2;
				MTL_ENABLE_DEBUG_INFO = YES;
				ONLY_ACTIVE_ARCH = YES;
				SDKROOT = iphoneos;
			};
			name = Debug;
		};
		7F7B9DD31FE112F2004AC945 /* Release */ = {
			isa = XCBuildConfiguration;
			buildSettings = {
				ALWAYS_SEARCH_USER_PATHS = NO;
				CLANG_ANALYZER_NONNULL = YES;
				CLANG_ANALYZER_NUMBER_OBJECT_CONVERSION = YES_AGGRESSIVE;
				CLANG_CXX_LANGUAGE_STANDARD = "gnu++14";
				CLANG_CXX_LIBRARY = "libc++";
				CLANG_ENABLE_MODULES = YES;
				CLANG_ENABLE_OBJC_ARC = YES;
				CLANG_WARN_BLOCK_CAPTURE_AUTORELEASING = YES;
				CLANG_WARN_BOOL_CONVERSION = YES;
				CLANG_WARN_COMMA = YES;
				CLANG_WARN_CONSTANT_CONVERSION = YES;
				CLANG_WARN_DIRECT_OBJC_ISA_USAGE = YES_ERROR;
				CLANG_WARN_DOCUMENTATION_COMMENTS = YES;
				CLANG_WARN_EMPTY_BODY = YES;
				CLANG_WARN_ENUM_CONVERSION = YES;
				CLANG_WARN_INFINITE_RECURSION = YES;
				CLANG_WARN_INT_CONVERSION = YES;
				CLANG_WARN_NON_LITERAL_NULL_CONVERSION = YES;
				CLANG_WARN_OBJC_LITERAL_CONVERSION = YES;
				CLANG_WARN_OBJC_ROOT_CLASS = YES_ERROR;
				CLANG_WARN_RANGE_LOOP_ANALYSIS = YES;
				CLANG_WARN_STRICT_PROTOTYPES = YES;
				CLANG_WARN_SUSPICIOUS_MOVE = YES;
				CLANG_WARN_UNGUARDED_AVAILABILITY = YES_AGGRESSIVE;
				CLANG_WARN_UNREACHABLE_CODE = YES;
				CLANG_WARN__DUPLICATE_METHOD_MATCH = YES;
				CODE_SIGN_IDENTITY = "iPhone Developer";
				COPY_PHASE_STRIP = NO;
				DEBUG_INFORMATION_FORMAT = "dwarf-with-dsym";
				ENABLE_NS_ASSERTIONS = NO;
				ENABLE_STRICT_OBJC_MSGSEND = YES;
				GCC_C_LANGUAGE_STANDARD = gnu11;
				GCC_NO_COMMON_BLOCKS = YES;
				GCC_WARN_64_TO_32_BIT_CONVERSION = YES;
				GCC_WARN_ABOUT_RETURN_TYPE = YES_ERROR;
				GCC_WARN_UNDECLARED_SELECTOR = YES;
				GCC_WARN_UNINITIALIZED_AUTOS = YES_AGGRESSIVE;
				GCC_WARN_UNUSED_FUNCTION = YES;
				GCC_WARN_UNUSED_VARIABLE = YES;
				IPHONEOS_DEPLOYMENT_TARGET = 11.2;
				MTL_ENABLE_DEBUG_INFO = NO;
				SDKROOT = iphoneos;
				VALIDATE_PRODUCT = YES;
			};
			name = Release;
		};
		7F7B9DD51FE112F2004AC945 /* Debug */ = {
			isa = XCBuildConfiguration;
			buildSettings = {
				ASSETCATALOG_COMPILER_APPICON_NAME = AppIcon;
				CODE_SIGN_STYLE = Automatic;
				DEVELOPMENT_TEAM = 96PFYKQ596;
				INFOPLIST_FILE = WCImagePickerDemo/Info.plist;
				IPHONEOS_DEPLOYMENT_TARGET = 9.0;
				LD_RUNPATH_SEARCH_PATHS = "$(inherited) @executable_path/Frameworks";
				PRODUCT_BUNDLE_IDENTIFIER = WangChao.WCImagePickerDemo;
				PRODUCT_NAME = "$(TARGET_NAME)";
				TARGETED_DEVICE_FAMILY = "1,2";
			};
			name = Debug;
		};
		7F7B9DD61FE112F2004AC945 /* Release */ = {
			isa = XCBuildConfiguration;
			buildSettings = {
				ASSETCATALOG_COMPILER_APPICON_NAME = AppIcon;
				CODE_SIGN_STYLE = Automatic;
				DEVELOPMENT_TEAM = 96PFYKQ596;
				INFOPLIST_FILE = WCImagePickerDemo/Info.plist;
				IPHONEOS_DEPLOYMENT_TARGET = 9.0;
				LD_RUNPATH_SEARCH_PATHS = "$(inherited) @executable_path/Frameworks";
				PRODUCT_BUNDLE_IDENTIFIER = WangChao.WCImagePickerDemo;
				PRODUCT_NAME = "$(TARGET_NAME)";
				TARGETED_DEVICE_FAMILY = "1,2";
			};
			name = Release;
		};
/* End XCBuildConfiguration section */

/* Begin XCConfigurationList section */
		7F7B9DB91FE112F1004AC945 /* Build configuration list for PBXProject "WCImagePickerDemo" */ = {
			isa = XCConfigurationList;
			buildConfigurations = (
				7F7B9DD21FE112F2004AC945 /* Debug */,
				7F7B9DD31FE112F2004AC945 /* Release */,
			);
			defaultConfigurationIsVisible = 0;
			defaultConfigurationName = Release;
		};
		7F7B9DD41FE112F2004AC945 /* Build configuration list for PBXNativeTarget "WCImagePickerDemo" */ = {
			isa = XCConfigurationList;
			buildConfigurations = (
				7F7B9DD51FE112F2004AC945 /* Debug */,
				7F7B9DD61FE112F2004AC945 /* Release */,
			);
			defaultConfigurationIsVisible = 0;
			defaultConfigurationName = Release;
		};
/* End XCConfigurationList section */
	};
	rootObject = 7F7B9DB61FE112F1004AC945 /* Project object */;
}
